
Microsoft Visual Studio Solution File, Format Version 12.00
# Visual Studio Version 17
VisualStudioVersion = 17.1.32228.430
MinimumVisualStudioVersion = 10.0.40219.1
Project("{FAE04EC0-301F-11D3-BF4B-00C04F79EFBC}") = "Ab104-23-10-2023", "Ab104-23-10-2023\Ab104-23-10-2023.csproj", "{2AAE11B0-AB41-4D06-A3F8-1D1A09E5AB62}"
EndProject
Global
	GlobalSection(SolutionConfigurationPlatforms) = preSolution
		Debug|Any CPU = Debug|Any CPU
		Release|Any CPU = Release|Any CPU
	EndGlobalSection
	GlobalSection(ProjectConfigurationPlatforms) = postSolution
		{2AAE11B0-AB41-4D06-A3F8-1D1A09E5AB62}.Debug|Any CPU.ActiveCfg = Debug|Any CPU
		{2AAE11B0-AB41-4D06-A3F8-1D1A09E5AB62}.Debug|Any CPU.Build.0 = Debug|Any CPU
		{2AAE11B0-AB41-4D06-A3F8-1D1A09E5AB62}.Release|Any CPU.ActiveCfg = Release|Any CPU
		{2AAE11B0-AB41-4D06-A3F8-1D1A09E5AB62}.Release|Any CPU.Build.0 = Release|Any CPU
	EndGlobalSection
	GlobalSection(SolutionProperties) = preSolution
		HideSolutionNode = FALSE
	EndGlobalSection
	GlobalSection(ExtensibilityGlobals) = postSolution
		SolutionGuid = {E1984E29-4278-45F1-93CD-A8277705F33A}
	EndGlobalSection
EndGlobal
